# This file is autogenerated, do not edit; changes may be undone by the next 'dep ensure'.


[[projects]]
  name = "github.com/nbari/violetear"
  packages = ["."]
  revision = "5c7cdfea6d629c4fa5c4fafe2fe27f53b5cb0254"
  version = "5.0.1"

[solve-meta]
  analyzer-name = "dep"
  analyzer-version = 1
  inputs-digest = "2bec958d3c2fe582a6b24cbea669e7b774488ffbe52a1c8863226ba17b0b38f9"
  solver-name = "gps-cdcl"
  solver-version = 1
